
Microsoft Visual Studio Solution File, Format Version 12.00
# Visual Studio Version 17
VisualStudioVersion = 17.14.36414.22 d17.14
MinimumVisualStudioVersion = 10.0.40219.1
Project("{FAE04EC0-301F-11D3-BF4B-00C04F79EFBC}") = "RideMobility.Api", "RideMobility.Api\RideMobility.Api.csproj", "{7917B648-C33A-41ED-8614-5ED0BC274C14}"
EndProject
Global
	GlobalSection(SolutionConfigurationPlatforms) = preSolution
		Debug|Any CPU = Debug|Any CPU
		Release|Any CPU = Release|Any CPU
	EndGlobalSection
	GlobalSection(ProjectConfigurationPlatforms) = postSolution
		{7917B648-C33A-41ED-8614-5ED0BC274C14}.Debug|Any CPU.ActiveCfg = Debug|Any CPU
		{7917B648-C33A-41ED-8614-5ED0BC274C14}.Debug|Any CPU.Build.0 = Debug|Any CPU
		{7917B648-C33A-41ED-8614-5ED0BC274C14}.Release|Any CPU.ActiveCfg = Release|Any CPU
		{7917B648-C33A-41ED-8614-5ED0BC274C14}.Release|Any CPU.Build.0 = Release|Any CPU
	EndGlobalSection
	GlobalSection(SolutionProperties) = preSolution
		HideSolutionNode = FALSE
	EndGlobalSection
	GlobalSection(ExtensibilityGlobals) = postSolution
		SolutionGuid = {4CF5559B-4E5D-42E5-BD16-9592D64F14D6}
	EndGlobalSection
EndGlobal
